
Microsoft Visual Studio Solution File, Format Version 12.00
# Visual Studio 15
VisualStudioVersion = 15.0.28307.329
MinimumVisualStudioVersion = 10.0.40219.1
Project("{FAE04EC0-301F-11D3-BF4B-00C04F79EFBC}") = "MultiQueue.PaymentConsumer", "MultiQueue.PaymentConsumer\MultiQueue.PaymentConsumer.csproj", "{145CD613-05FA-40BA-A006-81B0007AD455}"
EndProject
Project("{FAE04EC0-301F-11D3-BF4B-00C04F79EFBC}") = "MultiQueue.Core", "MultiQueue.Core\MultiQueue.Core.csproj", "{FEE7419B-AFFE-499A-A1F1-C32F649FEFE0}"
EndProject
Project("{FAE04EC0-301F-11D3-BF4B-00C04F79EFBC}") = "MultiQueue.OrderConsumer", "MultiQueue.OrderConsumer\MultiQueue.OrderConsumer.csproj", "{D93526BC-EB2F-48B6-8556-DB263F284059}"
EndProject
Global
	GlobalSection(SolutionConfigurationPlatforms) = preSolution
		Debug|Any CPU = Debug|Any CPU
		Release|Any CPU = Release|Any CPU
	EndGlobalSection
	GlobalSection(ProjectConfigurationPlatforms) = postSolution
		{145CD613-05FA-40BA-A006-81B0007AD455}.Debug|Any CPU.ActiveCfg = Debug|Any CPU
		{145CD613-05FA-40BA-A006-81B0007AD455}.Debug|Any CPU.Build.0 = Debug|Any CPU
		{145CD613-05FA-40BA-A006-81B0007AD455}.Release|Any CPU.ActiveCfg = Release|Any CPU
		{145CD613-05FA-40BA-A006-81B0007AD455}.Release|Any CPU.Build.0 = Release|Any CPU
		{FEE7419B-AFFE-499A-A1F1-C32F649FEFE0}.Debug|Any CPU.ActiveCfg = Debug|Any CPU
		{FEE7419B-AFFE-499A-A1F1-C32F649FEFE0}.Debug|Any CPU.Build.0 = Debug|Any CPU
		{FEE7419B-AFFE-499A-A1F1-C32F649FEFE0}.Release|Any CPU.ActiveCfg = Release|Any CPU
		{FEE7419B-AFFE-499A-A1F1-C32F649FEFE0}.Release|Any CPU.Build.0 = Release|Any CPU
		{D93526BC-EB2F-48B6-8556-DB263F284059}.Debug|Any CPU.ActiveCfg = Debug|Any CPU
		{D93526BC-EB2F-48B6-8556-DB263F284059}.Debug|Any CPU.Build.0 = Debug|Any CPU
		{D93526BC-EB2F-48B6-8556-DB263F284059}.Release|Any CPU.ActiveCfg = Release|Any CPU
		{D93526BC-EB2F-48B6-8556-DB263F284059}.Release|Any CPU.Build.0 = Release|Any CPU
	EndGlobalSection
	GlobalSection(SolutionProperties) = preSolution
		HideSolutionNode = FALSE
	EndGlobalSection
	GlobalSection(ExtensibilityGlobals) = postSolution
		SolutionGuid = {2E82AC16-6D62-44F2-BABF-61AE15207611}
	EndGlobalSection
EndGlobal
